
Microsoft Visual Studio Solution File, Format Version 12.00
# Visual Studio 15
VisualStudioVersion = 15.0.28307.329
MinimumVisualStudioVersion = 10.0.40219.1
Project("{F184B08F-C81C-45F6-A57F-5ABD9991F28F}") = "JaggedArraysInVb", "JaggedArraysInVb\JaggedArraysInVb.vbproj", "{982B28D7-E8AC-4532-A3C2-59ADEFF51C42}"
EndProject
Global
	GlobalSection(SolutionConfigurationPlatforms) = preSolution
		Debug|Any CPU = Debug|Any CPU
		Release|Any CPU = Release|Any CPU
	EndGlobalSection
	GlobalSection(ProjectConfigurationPlatforms) = postSolution
		{982B28D7-E8AC-4532-A3C2-59ADEFF51C42}.Debug|Any CPU.ActiveCfg = Debug|Any CPU
		{982B28D7-E8AC-4532-A3C2-59ADEFF51C42}.Debug|Any CPU.Build.0 = Debug|Any CPU
		{982B28D7-E8AC-4532-A3C2-59ADEFF51C42}.Release|Any CPU.ActiveCfg = Release|Any CPU
		{982B28D7-E8AC-4532-A3C2-59ADEFF51C42}.Release|Any CPU.Build.0 = Release|Any CPU
	EndGlobalSection
	GlobalSection(SolutionProperties) = preSolution
		HideSolutionNode = FALSE
	EndGlobalSection
	GlobalSection(ExtensibilityGlobals) = postSolution
		SolutionGuid = {5C955940-8CE6-4369-A58C-63FEB410DD5F}
	EndGlobalSection
EndGlobal
