
Microsoft Visual Studio Solution File, Format Version 12.00
# Visual Studio 15
VisualStudioVersion = 15.0.28307.329
MinimumVisualStudioVersion = 10.0.40219.1
Project("{F184B08F-C81C-45F6-A57F-5ABD9991F28F}") = "VBStringsProgram", "VBStringsProgram\VBStringsProgram.vbproj", "{4480F457-4ABB-467B-B013-A796CAA329BC}"
EndProject
Global
	GlobalSection(SolutionConfigurationPlatforms) = preSolution
		Debug|Any CPU = Debug|Any CPU
		Release|Any CPU = Release|Any CPU
	EndGlobalSection
	GlobalSection(ProjectConfigurationPlatforms) = postSolution
		{4480F457-4ABB-467B-B013-A796CAA329BC}.Debug|Any CPU.ActiveCfg = Debug|Any CPU
		{4480F457-4ABB-467B-B013-A796CAA329BC}.Debug|Any CPU.Build.0 = Debug|Any CPU
		{4480F457-4ABB-467B-B013-A796CAA329BC}.Release|Any CPU.ActiveCfg = Release|Any CPU
		{4480F457-4ABB-467B-B013-A796CAA329BC}.Release|Any CPU.Build.0 = Release|Any CPU
	EndGlobalSection
	GlobalSection(SolutionProperties) = preSolution
		HideSolutionNode = FALSE
	EndGlobalSection
	GlobalSection(ExtensibilityGlobals) = postSolution
		SolutionGuid = {E385DE3E-7813-492C-B559-205B5CB40960}
	EndGlobalSection
EndGlobal
