
Microsoft Visual Studio Solution File, Format Version 12.00
# Visual Studio 15
VisualStudioVersion = 15.0.28307.329
MinimumVisualStudioVersion = 10.0.40219.1
Project("{F184B08F-C81C-45F6-A57F-5ABD9991F28F}") = "VariableInitializationProgram", "VariableInitializationProgram\VariableInitializationProgram.vbproj", "{4156703C-A0B9-4583-AFC6-31362A27D5F8}"
EndProject
Global
	GlobalSection(SolutionConfigurationPlatforms) = preSolution
		Debug|Any CPU = Debug|Any CPU
		Release|Any CPU = Release|Any CPU
	EndGlobalSection
	GlobalSection(ProjectConfigurationPlatforms) = postSolution
		{4156703C-A0B9-4583-AFC6-31362A27D5F8}.Debug|Any CPU.ActiveCfg = Debug|Any CPU
		{4156703C-A0B9-4583-AFC6-31362A27D5F8}.Debug|Any CPU.Build.0 = Debug|Any CPU
		{4156703C-A0B9-4583-AFC6-31362A27D5F8}.Release|Any CPU.ActiveCfg = Release|Any CPU
		{4156703C-A0B9-4583-AFC6-31362A27D5F8}.Release|Any CPU.Build.0 = Release|Any CPU
	EndGlobalSection
	GlobalSection(SolutionProperties) = preSolution
		HideSolutionNode = FALSE
	EndGlobalSection
	GlobalSection(ExtensibilityGlobals) = postSolution
		SolutionGuid = {2DDC1760-83A1-4CAB-BEBD-5FCD566306F6}
	EndGlobalSection
EndGlobal
