
Microsoft Visual Studio Solution File, Format Version 12.00
# Visual Studio 15
VisualStudioVersion = 15.0.28307.329
MinimumVisualStudioVersion = 10.0.40219.1
Project("{F184B08F-C81C-45F6-A57F-5ABD9991F28F}") = "PassingParametersByRefDemo", "PassingParametersByRefDemo\PassingParametersByRefDemo.vbproj", "{98B4755C-5A17-4FA6-ACFB-1047D1A059E5}"
EndProject
Global
	GlobalSection(SolutionConfigurationPlatforms) = preSolution
		Debug|Any CPU = Debug|Any CPU
		Release|Any CPU = Release|Any CPU
	EndGlobalSection
	GlobalSection(ProjectConfigurationPlatforms) = postSolution
		{98B4755C-5A17-4FA6-ACFB-1047D1A059E5}.Debug|Any CPU.ActiveCfg = Debug|Any CPU
		{98B4755C-5A17-4FA6-ACFB-1047D1A059E5}.Debug|Any CPU.Build.0 = Debug|Any CPU
		{98B4755C-5A17-4FA6-ACFB-1047D1A059E5}.Release|Any CPU.ActiveCfg = Release|Any CPU
		{98B4755C-5A17-4FA6-ACFB-1047D1A059E5}.Release|Any CPU.Build.0 = Release|Any CPU
	EndGlobalSection
	GlobalSection(SolutionProperties) = preSolution
		HideSolutionNode = FALSE
	EndGlobalSection
	GlobalSection(ExtensibilityGlobals) = postSolution
		SolutionGuid = {FAE44274-7730-43A8-87D4-7FF7F99531FE}
	EndGlobalSection
EndGlobal
