
Microsoft Visual Studio Solution File, Format Version 12.00
# Visual Studio 15
VisualStudioVersion = 15.0.28307.329
MinimumVisualStudioVersion = 10.0.40219.1
Project("{F184B08F-C81C-45F6-A57F-5ABD9991F28F}") = "DecisionMakingStatements", "DecisionMakingStatements\DecisionMakingStatements.vbproj", "{3C042976-EBA6-4297-8989-80A323600871}"
EndProject
Global
	GlobalSection(SolutionConfigurationPlatforms) = preSolution
		Debug|Any CPU = Debug|Any CPU
		Release|Any CPU = Release|Any CPU
	EndGlobalSection
	GlobalSection(ProjectConfigurationPlatforms) = postSolution
		{3C042976-EBA6-4297-8989-80A323600871}.Debug|Any CPU.ActiveCfg = Debug|Any CPU
		{3C042976-EBA6-4297-8989-80A323600871}.Debug|Any CPU.Build.0 = Debug|Any CPU
		{3C042976-EBA6-4297-8989-80A323600871}.Release|Any CPU.ActiveCfg = Release|Any CPU
		{3C042976-EBA6-4297-8989-80A323600871}.Release|Any CPU.Build.0 = Release|Any CPU
	EndGlobalSection
	GlobalSection(SolutionProperties) = preSolution
		HideSolutionNode = FALSE
	EndGlobalSection
	GlobalSection(ExtensibilityGlobals) = postSolution
		SolutionGuid = {29A8C3A2-7BDE-4D78-8A55-7243C2D7F349}
	EndGlobalSection
EndGlobal
